// !$*UTF8*$!
{
	archiveVersion = 1;
	classes = {
	};
	objectVersion = 55;
	objects = {

/* Begin PBXBuildFile section */
		B9014A802ADFAD4B00B8A445 /* AppUniqueIdentifier in Frameworks */ = {isa = PBXBuildFile; productRef = B9014A7F2ADFAD4B00B8A445 /* AppUniqueIdentifier */; };
		B90C8EC12ADFB9B5008756F5 /* BottomNavigationDrawer.swift in Sources */ = {isa = PBXBuildFile; fileRef = B90C8EC02ADFB9B5008756F5 /* BottomNavigationDrawer.swift */; };
		B90C8EC22ADFB9B5008756F5 /* BottomNavigationDrawer.swift in Sources */ = {isa = PBXBuildFile; fileRef = B90C8EC02ADFB9B5008756F5 /* BottomNavigationDrawer.swift */; };
		B90C8EC42AE08B52008756F5 /* NavigationDrawerItem.swift in Sources */ = {isa = PBXBuildFile; fileRef = B90C8EC32AE08B52008756F5 /* NavigationDrawerItem.swift */; };
		B90C8EC52AE08B52008756F5 /* NavigationDrawerItem.swift in Sources */ = {isa = PBXBuildFile; fileRef = B90C8EC32AE08B52008756F5 /* NavigationDrawerItem.swift */; };
		B923EC05287BE286004604D8 /* View + Material Elevation.swift in Sources */ = {isa = PBXBuildFile; fileRef = B923EC04287BE286004604D8 /* View + Material Elevation.swift */; };
		B93A6A6E2B1F8D6900819FC6 /* Introspection in Frameworks */ = {isa = PBXBuildFile; productRef = B93A6A6D2B1F8D6900819FC6 /* Introspection */; };
		B93A6A702B1F8D7800819FC6 /* Introspection in Frameworks */ = {isa = PBXBuildFile; productRef = B93A6A6F2B1F8D7800819FC6 /* Introspection */; };
		B93A6A722B1F92C500819FC6 /* bindPreference.swift in Sources */ = {isa = PBXBuildFile; fileRef = B93A6A712B1F92C500819FC6 /* bindPreference.swift */; };
		B93A6A732B1F92C500819FC6 /* bindPreference.swift in Sources */ = {isa = PBXBuildFile; fileRef = B93A6A712B1F92C500819FC6 /* bindPreference.swift */; };
		B94A53082879603800C369F8 /* ContentView.swift in Sources */ = {isa = PBXBuildFile; fileRef = B93BC6A22877613100767701 /* ContentView.swift */; };
		B94A53092879603900C369F8 /* ContentView.swift in Sources */ = {isa = PBXBuildFile; fileRef = B93BC6A22877613100767701 /* ContentView.swift */; };
		B94A530A2879603D00C369F8 /* App.swift in Sources */ = {isa = PBXBuildFile; fileRef = B93BC6A02877613100767701 /* App.swift */; };
		B94A530B2879603D00C369F8 /* App.swift in Sources */ = {isa = PBXBuildFile; fileRef = B93BC6A02877613100767701 /* App.swift */; };
		B94E4F7D2AAB965E005A4AA0 /* OptionalTools in Frameworks */ = {isa = PBXBuildFile; productRef = B94E4F7C2AAB965E005A4AA0 /* OptionalTools */; };
		B9595E2A28E97E3800258545 /* NumberFormatter + currency.swift in Sources */ = {isa = PBXBuildFile; fileRef = B9595E2928E97E3800258545 /* NumberFormatter + currency.swift */; };
		B9595E2B28E97E3800258545 /* NumberFormatter + currency.swift in Sources */ = {isa = PBXBuildFile; fileRef = B9595E2928E97E3800258545 /* NumberFormatter + currency.swift */; };
		B964630A290E1D3900CC3701 /* Better initializer ordering.swift in Sources */ = {isa = PBXBuildFile; fileRef = B9646309290E1D3900CC3701 /* Better initializer ordering.swift */; };
		B964630B290E1D3900CC3701 /* Better initializer ordering.swift in Sources */ = {isa = PBXBuildFile; fileRef = B9646309290E1D3900CC3701 /* Better initializer ordering.swift */; };
		B96470A72A3DC51F00F99FD9 /* OptionalTools in Frameworks */ = {isa = PBXBuildFile; productRef = B96470A62A3DC51F00F99FD9 /* OptionalTools */; };
		B96DE656290ACA40009C68C8 /* RectangleTools in Frameworks */ = {isa = PBXBuildFile; productRef = B96DE655290ACA40009C68C8 /* RectangleTools */; };
		B96DE658290ACA4F009C68C8 /* RectangleTools in Frameworks */ = {isa = PBXBuildFile; productRef = B96DE657290ACA4F009C68C8 /* RectangleTools */; };
		B971A105287A1568005E90AC /* AppBar.swift in Sources */ = {isa = PBXBuildFile; fileRef = B971A104287A1568005E90AC /* AppBar.swift */; };
		B971A108287B650E005E90AC /* FunctionTools in Frameworks */ = {isa = PBXBuildFile; productRef = B971A107287B650E005E90AC /* FunctionTools */; };
		B98F85DF289CAA610094CC32 /* MultiplicativeArithmetic in Frameworks */ = {isa = PBXBuildFile; productRef = B98F85DE289CAA610094CC32 /* MultiplicativeArithmetic */; };
		B98F85E1289CAA720094CC32 /* MultiplicativeArithmetic in Frameworks */ = {isa = PBXBuildFile; productRef = B98F85E0289CAA720094CC32 /* MultiplicativeArithmetic */; };
		B98F8EA72AE4A45D00CD27B9 /* GentleGeometryReader.swift in Sources */ = {isa = PBXBuildFile; fileRef = B98F8EA62AE4A45D00CD27B9 /* GentleGeometryReader.swift */; };
		B98F8EA82AE4A45D00CD27B9 /* GentleGeometryReader.swift in Sources */ = {isa = PBXBuildFile; fileRef = B98F8EA62AE4A45D00CD27B9 /* GentleGeometryReader.swift */; };
		B99C79D52879623F00FC5E0C /* RentSplitTools in Frameworks */ = {isa = PBXBuildFile; productRef = B99C79D42879623F00FC5E0C /* RentSplitTools */; };
		B99C79D72879624500FC5E0C /* RentSplitTools in Frameworks */ = {isa = PBXBuildFile; productRef = B99C79D62879624500FC5E0C /* RentSplitTools */; };
		B99C79D9287962A000FC5E0C /* MoneySplitter + SwiftUI.swift in Sources */ = {isa = PBXBuildFile; fileRef = B99C79D8287962A000FC5E0C /* MoneySplitter + SwiftUI.swift */; };
		B99E37FE28E38CC400373A0F /* SimpleLogging in Frameworks */ = {isa = PBXBuildFile; productRef = B99E37FD28E38CC400373A0F /* SimpleLogging */; };
		B99E380028E38D5E00373A0F /* SimpleLogging in Frameworks */ = {isa = PBXBuildFile; productRef = B99E37FF28E38D5E00373A0F /* SimpleLogging */; };
		B99E380228E4000C00373A0F /* MoneySplitView.swift in Sources */ = {isa = PBXBuildFile; fileRef = B99E380128E4000C00373A0F /* MoneySplitView.swift */; };
		B99E380328E4000C00373A0F /* MoneySplitView.swift in Sources */ = {isa = PBXBuildFile; fileRef = B99E380128E4000C00373A0F /* MoneySplitView.swift */; };
		B9A31D462A4B8DFA006550FA /* PreviewSampleData.swift in Sources */ = {isa = PBXBuildFile; fileRef = B9A31D452A4B8DF9006550FA /* PreviewSampleData.swift */; };
		B9A31D472A4B8DFA006550FA /* PreviewSampleData.swift in Sources */ = {isa = PBXBuildFile; fileRef = B9A31D452A4B8DF9006550FA /* PreviewSampleData.swift */; };
		B9A31D4A2A4B8F2E006550FA /* Sample data.swift in Sources */ = {isa = PBXBuildFile; fileRef = B9A31D492A4B8F2E006550FA /* Sample data.swift */; };
		B9A31D4B2A4B8F2E006550FA /* Sample data.swift in Sources */ = {isa = PBXBuildFile; fileRef = B9A31D492A4B8F2E006550FA /* Sample data.swift */; };
		B9A6D7F12ADA165D00760318 /* Logo.swift in Sources */ = {isa = PBXBuildFile; fileRef = B9A6D7F02ADA165D00760318 /* Logo.swift */; };
		B9A6D7F22ADA165D00760318 /* Logo.swift in Sources */ = {isa = PBXBuildFile; fileRef = B9A6D7F02ADA165D00760318 /* Logo.swift */; };
		B9AC4F642AD37CEB0098FBEF /* CollectionTools in Frameworks */ = {isa = PBXBuildFile; productRef = B9AC4F632AD37CEB0098FBEF /* CollectionTools */; };
		B9AC4F662AD37CF90098FBEF /* CollectionTools in Frameworks */ = {isa = PBXBuildFile; productRef = B9AC4F652AD37CF90098FBEF /* CollectionTools */; };
		B9B1A8E82AD724DC0068A8CE /* EditMode + conveniences.swift in Sources */ = {isa = PBXBuildFile; fileRef = B9B1A8E72AD724DB0068A8CE /* EditMode + conveniences.swift */; };
		B9B1A8E92AD724DC0068A8CE /* EditMode + conveniences.swift in Sources */ = {isa = PBXBuildFile; fileRef = B9B1A8E72AD724DB0068A8CE /* EditMode + conveniences.swift */; };
		B9B1A8ED2AD782860068A8CE /* AUID + local constants.swift in Sources */ = {isa = PBXBuildFile; fileRef = B9B1A8EC2AD782860068A8CE /* AUID + local constants.swift */; };
		B9B1A8EE2AD782860068A8CE /* AUID + local constants.swift in Sources */ = {isa = PBXBuildFile; fileRef = B9B1A8EC2AD782860068A8CE /* AUID + local constants.swift */; };
		B9B691A92A3CDB20005F9121 /* RentSplitDataModel.swift in Sources */ = {isa = PBXBuildFile; fileRef = B9B691A82A3CDB20005F9121 /* RentSplitDataModel.swift */; };
		B9B691AA2A3CDB20005F9121 /* RentSplitDataModel.swift in Sources */ = {isa = PBXBuildFile; fileRef = B9B691A82A3CDB20005F9121 /* RentSplitDataModel.swift */; };
		B9E29A8A2AD3D17700B295EE /* SerializationTools in Frameworks */ = {isa = PBXBuildFile; productRef = B9E29A892AD3D17700B295EE /* SerializationTools */; };
		B9E29A8C2AD3D18100B295EE /* SerializationTools in Frameworks */ = {isa = PBXBuildFile; productRef = B9E29A8B2AD3D18100B295EE /* SerializationTools */; };
		B9E3BEC72AE737FC00F58DAA /* SquishyInteractiveDismiss.swift in Sources */ = {isa = PBXBuildFile; fileRef = B9E3BEC62AE737FC00F58DAA /* SquishyInteractiveDismiss.swift */; };
		B9E3BEC82AE737FC00F58DAA /* SquishyInteractiveDismiss.swift in Sources */ = {isa = PBXBuildFile; fileRef = B9E3BEC62AE737FC00F58DAA /* SquishyInteractiveDismiss.swift */; };
		B9E3BECA2AE73A6A00F58DAA /* dragToDismiss.swift in Sources */ = {isa = PBXBuildFile; fileRef = B9E3BEC92AE73A6A00F58DAA /* dragToDismiss.swift */; };
		B9E3BECB2AE73A6A00F58DAA /* dragToDismiss.swift in Sources */ = {isa = PBXBuildFile; fileRef = B9E3BEC92AE73A6A00F58DAA /* dragToDismiss.swift */; };
		B9EF6E3A2884E44D00F006E6 /* BasicMathTools in Frameworks */ = {isa = PBXBuildFile; productRef = B9EF6E392884E44D00F006E6 /* BasicMathTools */; };
		B9EF6E3C2884E48A00F006E6 /* BasicMathTools in Frameworks */ = {isa = PBXBuildFile; productRef = B9EF6E3B2884E48A00F006E6 /* BasicMathTools */; };
		B9FE020828822BE400712ED5 /* Assets.xcassets in Resources */ = {isa = PBXBuildFile; fileRef = B93BC6A42877613600767701 /* Assets.xcassets */; };
		B9FE020928822BE500712ED5 /* Assets.xcassets in Resources */ = {isa = PBXBuildFile; fileRef = B93BC6A42877613600767701 /* Assets.xcassets */; };
		B9FE020B28822E2A00712ED5 /* AppBar.swift in Sources */ = {isa = PBXBuildFile; fileRef = B971A104287A1568005E90AC /* AppBar.swift */; };
		B9FE020D28822E3600712ED5 /* FunctionTools in Frameworks */ = {isa = PBXBuildFile; productRef = B9FE020C28822E3600712ED5 /* FunctionTools */; };
		B9FE020E28822E4300712ED5 /* View + Material Elevation.swift in Sources */ = {isa = PBXBuildFile; fileRef = B923EC04287BE286004604D8 /* View + Material Elevation.swift */; };
		B9FE020F28834DC100712ED5 /* MoneySplitter + SwiftUI.swift in Sources */ = {isa = PBXBuildFile; fileRef = B99C79D8287962A000FC5E0C /* MoneySplitter + SwiftUI.swift */; };
/* End PBXBuildFile section */

/* Begin PBXFileReference section */
		B90C8EC02ADFB9B5008756F5 /* BottomNavigationDrawer.swift */ = {isa = PBXFileReference; lastKnownFileType = sourcecode.swift; path = BottomNavigationDrawer.swift; sourceTree = "<group>"; };
		B90C8EC32AE08B52008756F5 /* NavigationDrawerItem.swift */ = {isa = PBXFileReference; lastKnownFileType = sourcecode.swift; path = NavigationDrawerItem.swift; sourceTree = "<group>"; };
		B923EC04287BE286004604D8 /* View + Material Elevation.swift */ = {isa = PBXFileReference; lastKnownFileType = sourcecode.swift; path = "View + Material Elevation.swift"; sourceTree = "<group>"; };
		B93A6A712B1F92C500819FC6 /* bindPreference.swift */ = {isa = PBXFileReference; lastKnownFileType = sourcecode.swift; path = bindPreference.swift; sourceTree = "<group>"; };
		B93BC6A02877613100767701 /* App.swift */ = {isa = PBXFileReference; lastKnownFileType = sourcecode.swift; path = App.swift; sourceTree = "<group>"; };
		B93BC6A22877613100767701 /* ContentView.swift */ = {isa = PBXFileReference; lastKnownFileType = sourcecode.swift; path = ContentView.swift; sourceTree = "<group>"; };
		B93BC6A42877613600767701 /* Assets.xcassets */ = {isa = PBXFileReference; lastKnownFileType = folder.assetcatalog; path = Assets.xcassets; sourceTree = "<group>"; };
		B93BC6A72877613600767701 /* Preview Assets.xcassets */ = {isa = PBXFileReference; lastKnownFileType = folder.assetcatalog; path = "Preview Assets.xcassets"; sourceTree = "<group>"; };
		B94A52E828795EE000C369F8 /* RentSplitTools */ = {isa = PBXFileReference; lastKnownFileType = wrapper; name = RentSplitTools; path = lib/RentSplitTools; sourceTree = "<group>"; };
		B94A52F428795F9900C369F8 /* Rent Split.app */ = {isa = PBXFileReference; explicitFileType = wrapper.application; includeInIndex = 0; path = "Rent Split.app"; sourceTree = BUILT_PRODUCTS_DIR; };
		B94A52F928795F9900C369F8 /* Rent Split.app */ = {isa = PBXFileReference; explicitFileType = wrapper.application; includeInIndex = 0; path = "Rent Split.app"; sourceTree = BUILT_PRODUCTS_DIR; };
		B94A52FB28795F9900C369F8 /* macOS.entitlements */ = {isa = PBXFileReference; lastKnownFileType = text.plist.entitlements; path = macOS.entitlements; sourceTree = "<group>"; };
		B94E4F762AAA635E005A4AA0 /* AppUniqueIdentifier */ = {isa = PBXFileReference; lastKnownFileType = wrapper; name = AppUniqueIdentifier; path = "/Users/kyleggiero/Library/Developer/Xcode/DerivedData/Rent_Split-duhdzikygyshlzeuvmbzbmfuisbn/SourcePackages/checkouts/AppUniqueIdentifier"; sourceTree = "<absolute>"; };
		B9595E2928E97E3800258545 /* NumberFormatter + currency.swift */ = {isa = PBXFileReference; lastKnownFileType = sourcecode.swift; name = "NumberFormatter + currency.swift"; path = "Foundation/NumberFormatter + currency.swift"; sourceTree = "<group>"; };
		B9646309290E1D3900CC3701 /* Better initializer ordering.swift */ = {isa = PBXFileReference; lastKnownFileType = sourcecode.swift; path = "Better initializer ordering.swift"; sourceTree = "<group>"; };
		B971A104287A1568005E90AC /* AppBar.swift */ = {isa = PBXFileReference; lastKnownFileType = sourcecode.swift; path = AppBar.swift; sourceTree = "<group>"; };
		B98F8EA62AE4A45D00CD27B9 /* GentleGeometryReader.swift */ = {isa = PBXFileReference; lastKnownFileType = sourcecode.swift; path = GentleGeometryReader.swift; sourceTree = "<group>"; };
		B99C79D8287962A000FC5E0C /* MoneySplitter + SwiftUI.swift */ = {isa = PBXFileReference; lastKnownFileType = sourcecode.swift; path = "MoneySplitter + SwiftUI.swift"; sourceTree = "<group>"; };
		B99E380128E4000C00373A0F /* MoneySplitView.swift */ = {isa = PBXFileReference; lastKnownFileType = sourcecode.swift; path = MoneySplitView.swift; sourceTree = "<group>"; };
		B9A31D452A4B8DF9006550FA /* PreviewSampleData.swift */ = {isa = PBXFileReference; fileEncoding = 4; lastKnownFileType = sourcecode.swift; path = PreviewSampleData.swift; sourceTree = "<group>"; };
		B9A31D492A4B8F2E006550FA /* Sample data.swift */ = {isa = PBXFileReference; lastKnownFileType = sourcecode.swift; path = "Sample data.swift"; sourceTree = "<group>"; };
		B9A6D7F02ADA165D00760318 /* Logo.swift */ = {isa = PBXFileReference; lastKnownFileType = sourcecode.swift; path = Logo.swift; sourceTree = "<group>"; };
		B9B1A8E72AD724DB0068A8CE /* EditMode + conveniences.swift */ = {isa = PBXFileReference; lastKnownFileType = sourcecode.swift; path = "EditMode + conveniences.swift"; sourceTree = "<group>"; };
		B9B1A8EC2AD782860068A8CE /* AUID + local constants.swift */ = {isa = PBXFileReference; lastKnownFileType = sourcecode.swift; path = "AUID + local constants.swift"; sourceTree = "<group>"; };
		B9B691A82A3CDB20005F9121 /* RentSplitDataModel.swift */ = {isa = PBXFileReference; lastKnownFileType = sourcecode.swift; path = RentSplitDataModel.swift; sourceTree = "<group>"; };
		B9E3BEC62AE737FC00F58DAA /* SquishyInteractiveDismiss.swift */ = {isa = PBXFileReference; lastKnownFileType = sourcecode.swift; path = SquishyInteractiveDismiss.swift; sourceTree = "<group>"; };
		B9E3BEC92AE73A6A00F58DAA /* dragToDismiss.swift */ = {isa = PBXFileReference; lastKnownFileType = sourcecode.swift; path = dragToDismiss.swift; sourceTree = "<group>"; };
		B9FE01FF28810D5B00712ED5 /* Rent-Split--macOS--Info.plist */ = {isa = PBXFileReference; lastKnownFileType = text.plist; path = "Rent-Split--macOS--Info.plist"; sourceTree = "<group>"; };
		B9FE020A28822C8A00712ED5 /* Rent-Split--iOS--Info.plist */ = {isa = PBXFileReference; lastKnownFileType = text.plist; path = "Rent-Split--iOS--Info.plist"; sourceTree = "<group>"; };
/* End PBXFileReference section */

/* Begin PBXFrameworksBuildPhase section */
		B94A52F128795F9900C369F8 /* Frameworks */ = {
			isa = PBXFrameworksBuildPhase;
			buildActionMask = 2147483647;
			files = (
				B96DE656290ACA40009C68C8 /* RectangleTools in Frameworks */,
				B9E29A8A2AD3D17700B295EE /* SerializationTools in Frameworks */,
				B9014A802ADFAD4B00B8A445 /* AppUniqueIdentifier in Frameworks */,
				B971A108287B650E005E90AC /* FunctionTools in Frameworks */,
				B9EF6E3A2884E44D00F006E6 /* BasicMathTools in Frameworks */,
				B98F85DF289CAA610094CC32 /* MultiplicativeArithmetic in Frameworks */,
				B9AC4F642AD37CEB0098FBEF /* CollectionTools in Frameworks */,
				B99C79D72879624500FC5E0C /* RentSplitTools in Frameworks */,
				B93A6A6E2B1F8D6900819FC6 /* Introspection in Frameworks */,
				B96470A72A3DC51F00F99FD9 /* OptionalTools in Frameworks */,
				B99E37FE28E38CC400373A0F /* SimpleLogging in Frameworks */,
			);
			runOnlyForDeploymentPostprocessing = 0;
		};
		B94A52F628795F9900C369F8 /* Frameworks */ = {
			isa = PBXFrameworksBuildPhase;
			buildActionMask = 2147483647;
			files = (
				B96DE658290ACA4F009C68C8 /* RectangleTools in Frameworks */,
				B9E29A8C2AD3D18100B295EE /* SerializationTools in Frameworks */,
				B93A6A702B1F8D7800819FC6 /* Introspection in Frameworks */,
				B9FE020D28822E3600712ED5 /* FunctionTools in Frameworks */,
				B9EF6E3C2884E48A00F006E6 /* BasicMathTools in Frameworks */,
				B98F85E1289CAA720094CC32 /* MultiplicativeArithmetic in Frameworks */,
				B9AC4F662AD37CF90098FBEF /* CollectionTools in Frameworks */,
				B94E4F7D2AAB965E005A4AA0 /* OptionalTools in Frameworks */,
				B99C79D52879623F00FC5E0C /* RentSplitTools in Frameworks */,
				B99E380028E38D5E00373A0F /* SimpleLogging in Frameworks */,
			);
			runOnlyForDeploymentPostprocessing = 0;
		};
/* End PBXFrameworksBuildPhase section */

/* Begin PBXGroup section */
		B90C8EBF2ADFB9A8008756F5 /* Neon */ = {
			isa = PBXGroup;
			children = (
				B971A104287A1568005E90AC /* AppBar.swift */,
				B90C8EC02ADFB9B5008756F5 /* BottomNavigationDrawer.swift */,
				B9E3BEC62AE737FC00F58DAA /* SquishyInteractiveDismiss.swift */,
				B9E3BEC92AE73A6A00F58DAA /* dragToDismiss.swift */,
				B90C8EC32AE08B52008756F5 /* NavigationDrawerItem.swift */,
			);
			path = Neon;
			sourceTree = "<group>";
		};
		B923EC01287BE25D004604D8 /* SwiftUI */ = {
			isa = PBXGroup;
			children = (
				B923EC03287BE26F004604D8 /* Material */,
				B923EC02287BE265004604D8 /* Neon */,
				B9646309290E1D3900CC3701 /* Better initializer ordering.swift */,
				B9B1A8E72AD724DB0068A8CE /* EditMode + conveniences.swift */,
				B98F8EA62AE4A45D00CD27B9 /* GentleGeometryReader.swift */,
				B93A6A712B1F92C500819FC6 /* bindPreference.swift */,
			);
			path = SwiftUI;
			sourceTree = "<group>";
		};
		B923EC02287BE265004604D8 /* Neon */ = {
			isa = PBXGroup;
			children = (
			);
			path = Neon;
			sourceTree = "<group>";
		};
		B923EC03287BE26F004604D8 /* Material */ = {
			isa = PBXGroup;
			children = (
				B923EC04287BE286004604D8 /* View + Material Elevation.swift */,
			);
			path = Material;
			sourceTree = "<group>";
		};
		B93BC6942877613100767701 = {
			isa = PBXGroup;
			children = (
				B9FE020A28822C8A00712ED5 /* Rent-Split--iOS--Info.plist */,
				B9FE01FF28810D5B00712ED5 /* Rent-Split--macOS--Info.plist */,
				B93BC69F2877613100767701 /* Shared */,
				B94A52FA28795F9900C369F8 /* macOS */,
				B94A52E728795EE000C369F8 /* Packages */,
				B93BC69E2877613100767701 /* Products */,
				B94A52E928795F2800C369F8 /* Frameworks */,
			);
			sourceTree = "<group>";
		};
		B93BC69E2877613100767701 /* Products */ = {
			isa = PBXGroup;
			children = (
				B94A52F428795F9900C369F8 /* Rent Split.app */,
				B94A52F928795F9900C369F8 /* Rent Split.app */,
			);
			name = Products;
			sourceTree = "<group>";
		};
		B93BC69F2877613100767701 /* Shared */ = {
			isa = PBXGroup;
			children = (
				B93BC6A02877613100767701 /* App.swift */,
				B9A31D482A4B8EB1006550FA /* Model */,
				B9B1A8E62AD4CB460068A8CE /* UI */,
				B99C79DA287962A300FC5E0C /* Extensions */,
				B93BC6A42877613600767701 /* Assets.xcassets */,
				B93BC6A62877613600767701 /* Preview Content */,
			);
			path = Shared;
			sourceTree = "<group>";
		};
		B93BC6A62877613600767701 /* Preview Content */ = {
			isa = PBXGroup;
			children = (
				B93BC6A72877613600767701 /* Preview Assets.xcassets */,
			);
			path = "Preview Content";
			sourceTree = "<group>";
		};
		B94A52E728795EE000C369F8 /* Packages */ = {
			isa = PBXGroup;
			children = (
				B94A52E828795EE000C369F8 /* RentSplitTools */,
			);
			name = Packages;
			sourceTree = "<group>";
		};
		B94A52E928795F2800C369F8 /* Frameworks */ = {
			isa = PBXGroup;
			children = (
				B94E4F762AAA635E005A4AA0 /* AppUniqueIdentifier */,
			);
			name = Frameworks;
			sourceTree = "<group>";
		};
		B94A52FA28795F9900C369F8 /* macOS */ = {
			isa = PBXGroup;
			children = (
				B94A52FB28795F9900C369F8 /* macOS.entitlements */,
			);
			path = macOS;
			sourceTree = "<group>";
		};
		B99C79DA287962A300FC5E0C /* Extensions */ = {
			isa = PBXGroup;
			children = (
				B923EC01287BE25D004604D8 /* SwiftUI */,
				B9AC4F602AD37BF80098FBEF /* RougeWare */,
				B9595E2928E97E3800258545 /* NumberFormatter + currency.swift */,
			);
			path = Extensions;
			sourceTree = "<group>";
		};
		B99C79DB287962AC00FC5E0C /* RentSplitTools */ = {
			isa = PBXGroup;
			children = (
				B99C79D8287962A000FC5E0C /* MoneySplitter + SwiftUI.swift */,
			);
			path = RentSplitTools;
			sourceTree = "<group>";
		};
		B9A31D482A4B8EB1006550FA /* Model */ = {
			isa = PBXGroup;
			children = (
				B9B691A82A3CDB20005F9121 /* RentSplitDataModel.swift */,
				B9A31D452A4B8DF9006550FA /* PreviewSampleData.swift */,
				B9A31D492A4B8F2E006550FA /* Sample data.swift */,
			);
			path = Model;
			sourceTree = "<group>";
		};
		B9AC4F602AD37BF80098FBEF /* RougeWare */ = {
			isa = PBXGroup;
			children = (
				B9B1A8EA2AD77E9F0068A8CE /* AppUniqueIdentifier */,
				B9AC4F612AD37C000098FBEF /* CollectionTools */,
				B99C79DB287962AC00FC5E0C /* RentSplitTools */,
			);
			path = RougeWare;
			sourceTree = "<group>";
		};
		B9AC4F612AD37C000098FBEF /* CollectionTools */ = {
			isa = PBXGroup;
			children = (
			);
			path = CollectionTools;
			sourceTree = "<group>";
		};
		B9B1A8E62AD4CB460068A8CE /* UI */ = {
			isa = PBXGroup;
			children = (
				B93BC6A22877613100767701 /* ContentView.swift */,
				B99E380128E4000C00373A0F /* MoneySplitView.swift */,
				B90C8EBF2ADFB9A8008756F5 /* Neon */,
				B9A6D7F02ADA165D00760318 /* Logo.swift */,
			);
			path = UI;
			sourceTree = "<group>";
		};
		B9B1A8EA2AD77E9F0068A8CE /* AppUniqueIdentifier */ = {
			isa = PBXGroup;
			children = (
				B9B1A8EC2AD782860068A8CE /* AUID + local constants.swift */,
			);
			path = AppUniqueIdentifier;
			sourceTree = "<group>";
		};
/* End PBXGroup section */

/* Begin PBXNativeTarget section */
		B94A52F328795F9900C369F8 /* Rent Split (iOS) */ = {
			isa = PBXNativeTarget;
			buildConfigurationList = B94A530228795F9900C369F8 /* Build configuration list for PBXNativeTarget "Rent Split (iOS)" */;
			buildPhases = (
				B94A52F028795F9900C369F8 /* Sources */,
				B94A52F128795F9900C369F8 /* Frameworks */,
				B94A52F228795F9900C369F8 /* Resources */,
			);
			buildRules = (
			);
			dependencies = (
			);
			name = "Rent Split (iOS)";
			packageProductDependencies = (
				B99C79D62879624500FC5E0C /* RentSplitTools */,
				B971A107287B650E005E90AC /* FunctionTools */,
				B9EF6E392884E44D00F006E6 /* BasicMathTools */,
				B98F85DE289CAA610094CC32 /* MultiplicativeArithmetic */,
				B99E37FD28E38CC400373A0F /* SimpleLogging */,
				B96DE655290ACA40009C68C8 /* RectangleTools */,
				B96470A62A3DC51F00F99FD9 /* OptionalTools */,
				B9AC4F632AD37CEB0098FBEF /* CollectionTools */,
				B9E29A892AD3D17700B295EE /* SerializationTools */,
				B9014A7F2ADFAD4B00B8A445 /* AppUniqueIdentifier */,
				B93A6A6D2B1F8D6900819FC6 /* Introspection */,
			);
			productName = "Rent Split (iOS)";
			productReference = B94A52F428795F9900C369F8 /* Rent Split.app */;
			productType = "com.apple.product-type.application";
		};
		B94A52F828795F9900C369F8 /* Rent Split (macOS) */ = {
			isa = PBXNativeTarget;
			buildConfigurationList = B94A530528795F9900C369F8 /* Build configuration list for PBXNativeTarget "Rent Split (macOS)" */;
			buildPhases = (
				B94A52F528795F9900C369F8 /* Sources */,
				B94A52F628795F9900C369F8 /* Frameworks */,
				B94A52F728795F9900C369F8 /* Resources */,
			);
			buildRules = (
			);
			dependencies = (
			);
			name = "Rent Split (macOS)";
			packageProductDependencies = (
				B99C79D42879623F00FC5E0C /* RentSplitTools */,
				B9FE020C28822E3600712ED5 /* FunctionTools */,
				B9EF6E3B2884E48A00F006E6 /* BasicMathTools */,
				B98F85E0289CAA720094CC32 /* MultiplicativeArithmetic */,
				B99E37FF28E38D5E00373A0F /* SimpleLogging */,
				B96DE657290ACA4F009C68C8 /* RectangleTools */,
				B94E4F7C2AAB965E005A4AA0 /* OptionalTools */,
				B9AC4F652AD37CF90098FBEF /* CollectionTools */,
				B9E29A8B2AD3D18100B295EE /* SerializationTools */,
				B93A6A6F2B1F8D7800819FC6 /* Introspection */,
			);
			productName = "Rent Split (macOS)";
			productReference = B94A52F928795F9900C369F8 /* Rent Split.app */;
			productType = "com.apple.product-type.application";
		};
/* End PBXNativeTarget section */

/* Begin PBXProject section */
		B93BC6952877613100767701 /* Project object */ = {
			isa = PBXProject;
			attributes = {
				BuildIndependentTargetsInParallel = 1;
				LastSwiftUpdateCheck = 1340;
				LastUpgradeCheck = 1340;
				TargetAttributes = {
					B94A52F328795F9900C369F8 = {
						CreatedOnToolsVersion = 13.4.1;
					};
					B94A52F828795F9900C369F8 = {
						CreatedOnToolsVersion = 13.4.1;
					};
				};
			};
			buildConfigurationList = B93BC6982877613100767701 /* Build configuration list for PBXProject "Rent Split" */;
			compatibilityVersion = "Xcode 13.0";
			developmentRegion = en;
			hasScannedForEncodings = 0;
			knownRegions = (
				en,
				Base,
			);
			mainGroup = B93BC6942877613100767701;
			packageReferences = (
				B971A106287B650E005E90AC /* XCRemoteSwiftPackageReference "Swift-Function-Tools" */,
				B9EF6E382884E44D00F006E6 /* XCRemoteSwiftPackageReference "Swift-Basic-Math-Tools" */,
				B98F85DD289CAA610094CC32 /* XCRemoteSwiftPackageReference "Swift-MultiplicativeArithmetic" */,
				B99E37FC28E38CC400373A0F /* XCRemoteSwiftPackageReference "Swift-Simple-Logging" */,
				B96DE654290ACA40009C68C8 /* XCRemoteSwiftPackageReference "Swift-Rectangle-Tools" */,
				B96470A52A3DC51F00F99FD9 /* XCRemoteSwiftPackageReference "Swift-Optional-Tools" */,
				B9AC4F622AD37C650098FBEF /* XCRemoteSwiftPackageReference "Swift-Collection-Tools" */,
				B9E29A882AD3D17700B295EE /* XCRemoteSwiftPackageReference "Swift-SerializationTools" */,
				B9014A7E2ADFAD4B00B8A445 /* XCRemoteSwiftPackageReference "AppUniqueIdentifier" */,
				B93A6A6C2B1F8D6900819FC6 /* XCRemoteSwiftPackageReference "Swift-Introspection" */,
			);
			productRefGroup = B93BC69E2877613100767701 /* Products */;
			projectDirPath = "";
			projectRoot = "";
			targets = (
				B94A52F328795F9900C369F8 /* Rent Split (iOS) */,
				B94A52F828795F9900C369F8 /* Rent Split (macOS) */,
			);
		};
/* End PBXProject section */

/* Begin PBXResourcesBuildPhase section */
		B94A52F228795F9900C369F8 /* Resources */ = {
			isa = PBXResourcesBuildPhase;
			buildActionMask = 2147483647;
			files = (
				B9FE020828822BE400712ED5 /* Assets.xcassets in Resources */,
			);
			runOnlyForDeploymentPostprocessing = 0;
		};
		B94A52F728795F9900C369F8 /* Resources */ = {
			isa = PBXResourcesBuildPhase;
			buildActionMask = 2147483647;
			files = (
				B9FE020928822BE500712ED5 /* Assets.xcassets in Resources */,
			);
			runOnlyForDeploymentPostprocessing = 0;
		};
/* End PBXResourcesBuildPhase section */

/* Begin PBXSourcesBuildPhase section */
		B94A52F028795F9900C369F8 /* Sources */ = {
			isa = PBXSourcesBuildPhase;
			buildActionMask = 2147483647;
			files = (
				B964630A290E1D3900CC3701 /* Better initializer ordering.swift in Sources */,
				B98F8EA72AE4A45D00CD27B9 /* GentleGeometryReader.swift in Sources */,
				B9E3BEC72AE737FC00F58DAA /* SquishyInteractiveDismiss.swift in Sources */,
				B9B691A92A3CDB20005F9121 /* RentSplitDataModel.swift in Sources */,
				B9595E2A28E97E3800258545 /* NumberFormatter + currency.swift in Sources */,
				B9E3BECA2AE73A6A00F58DAA /* dragToDismiss.swift in Sources */,
				B99C79D9287962A000FC5E0C /* MoneySplitter + SwiftUI.swift in Sources */,
				B971A105287A1568005E90AC /* AppBar.swift in Sources */,
				B9A31D4A2A4B8F2E006550FA /* Sample data.swift in Sources */,
				B9B1A8E82AD724DC0068A8CE /* EditMode + conveniences.swift in Sources */,
				B94A530A2879603D00C369F8 /* App.swift in Sources */,
				B9A6D7F12ADA165D00760318 /* Logo.swift in Sources */,
				B90C8EC42AE08B52008756F5 /* NavigationDrawerItem.swift in Sources */,
				B9A31D462A4B8DFA006550FA /* PreviewSampleData.swift in Sources */,
				B923EC05287BE286004604D8 /* View + Material Elevation.swift in Sources */,
				B93A6A722B1F92C500819FC6 /* bindPreference.swift in Sources */,
				B99E380228E4000C00373A0F /* MoneySplitView.swift in Sources */,
				B90C8EC12ADFB9B5008756F5 /* BottomNavigationDrawer.swift in Sources */,
				B9B1A8ED2AD782860068A8CE /* AUID + local constants.swift in Sources */,
				B94A53092879603900C369F8 /* ContentView.swift in Sources */,
			);
			runOnlyForDeploymentPostprocessing = 0;
		};
		B94A52F528795F9900C369F8 /* Sources */ = {
			isa = PBXSourcesBuildPhase;
			buildActionMask = 2147483647;
			files = (
				B964630B290E1D3900CC3701 /* Better initializer ordering.swift in Sources */,
				B98F8EA82AE4A45D00CD27B9 /* GentleGeometryReader.swift in Sources */,
				B9E3BEC82AE737FC00F58DAA /* SquishyInteractiveDismiss.swift in Sources */,
				B9B691AA2A3CDB20005F9121 /* RentSplitDataModel.swift in Sources */,
				B9595E2B28E97E3800258545 /* NumberFormatter + currency.swift in Sources */,
				B9E3BECB2AE73A6A00F58DAA /* dragToDismiss.swift in Sources */,
				B94A530B2879603D00C369F8 /* App.swift in Sources */,
				B94A53082879603800C369F8 /* ContentView.swift in Sources */,
				B9A31D4B2A4B8F2E006550FA /* Sample data.swift in Sources */,
				B9B1A8E92AD724DC0068A8CE /* EditMode + conveniences.swift in Sources */,
				B9FE020E28822E4300712ED5 /* View + Material Elevation.swift in Sources */,
				B9A6D7F22ADA165D00760318 /* Logo.swift in Sources */,
				B90C8EC52AE08B52008756F5 /* NavigationDrawerItem.swift in Sources */,
				B9A31D472A4B8DFA006550FA /* PreviewSampleData.swift in Sources */,
				B9FE020B28822E2A00712ED5 /* AppBar.swift in Sources */,
				B93A6A732B1F92C500819FC6 /* bindPreference.swift in Sources */,
				B99E380328E4000C00373A0F /* MoneySplitView.swift in Sources */,
				B90C8EC22ADFB9B5008756F5 /* BottomNavigationDrawer.swift in Sources */,
				B9B1A8EE2AD782860068A8CE /* AUID + local constants.swift in Sources */,
				B9FE020F28834DC100712ED5 /* MoneySplitter + SwiftUI.swift in Sources */,
			);
			runOnlyForDeploymentPostprocessing = 0;
		};
/* End PBXSourcesBuildPhase section */

/* Begin XCBuildConfiguration section */
		B93BC6C02877613600767701 /* Debug */ = {
			isa = XCBuildConfiguration;
			buildSettings = {
				ALWAYS_SEARCH_USER_PATHS = NO;
				CLANG_ANALYZER_NONNULL = YES;
				CLANG_ANALYZER_NUMBER_OBJECT_CONVERSION = YES_AGGRESSIVE;
				CLANG_CXX_LANGUAGE_STANDARD = "gnu++17";
				CLANG_ENABLE_MODULES = YES;
				CLANG_ENABLE_OBJC_ARC = YES;
				CLANG_ENABLE_OBJC_WEAK = YES;
				CLANG_WARN_BLOCK_CAPTURE_AUTORELEASING = YES;
				CLANG_WARN_BOOL_CONVERSION = YES;
				CLANG_WARN_COMMA = YES;
				CLANG_WARN_CONSTANT_CONVERSION = YES;
				CLANG_WARN_DEPRECATED_OBJC_IMPLEMENTATIONS = YES;
				CLANG_WARN_DIRECT_OBJC_ISA_USAGE = YES_ERROR;
				CLANG_WARN_DOCUMENTATION_COMMENTS = YES;
				CLANG_WARN_EMPTY_BODY = YES;
				CLANG_WARN_ENUM_CONVERSION = YES;
				CLANG_WARN_INFINITE_RECURSION = YES;
				CLANG_WARN_INT_CONVERSION = YES;
				CLANG_WARN_NON_LITERAL_NULL_CONVERSION = YES;
				CLANG_WARN_OBJC_IMPLICIT_RETAIN_SELF = YES;
				CLANG_WARN_OBJC_LITERAL_CONVERSION = YES;
				CLANG_WARN_OBJC_ROOT_CLASS = YES_ERROR;
				CLANG_WARN_QUOTED_INCLUDE_IN_FRAMEWORK_HEADER = YES;
				CLANG_WARN_RANGE_LOOP_ANALYSIS = YES;
				CLANG_WARN_STRICT_PROTOTYPES = YES;
				CLANG_WARN_SUSPICIOUS_MOVE = YES;
				CLANG_WARN_UNGUARDED_AVAILABILITY = YES_AGGRESSIVE;
				CLANG_WARN_UNREACHABLE_CODE = YES;
				CLANG_WARN__DUPLICATE_METHOD_MATCH = YES;
				COPY_PHASE_STRIP = NO;
				DEBUG_INFORMATION_FORMAT = dwarf;
				ENABLE_STRICT_OBJC_MSGSEND = YES;
				ENABLE_TESTABILITY = YES;
				GCC_C_LANGUAGE_STANDARD = gnu11;
				GCC_DYNAMIC_NO_PIC = NO;
				GCC_NO_COMMON_BLOCKS = YES;
				GCC_OPTIMIZATION_LEVEL = 0;
				GCC_PREPROCESSOR_DEFINITIONS = (
					"DEBUG=1",
					"$(inherited)",
				);
				GCC_TREAT_IMPLICIT_FUNCTION_DECLARATIONS_AS_ERRORS = YES;
				GCC_TREAT_INCOMPATIBLE_POINTER_TYPE_WARNINGS_AS_ERRORS = YES;
				GCC_TREAT_WARNINGS_AS_ERRORS = YES;
				GCC_WARN_64_TO_32_BIT_CONVERSION = YES;
				GCC_WARN_ABOUT_RETURN_TYPE = YES_ERROR;
				GCC_WARN_UNDECLARED_SELECTOR = YES;
				GCC_WARN_UNINITIALIZED_AUTOS = YES_AGGRESSIVE;
				GCC_WARN_UNUSED_FUNCTION = YES;
				GCC_WARN_UNUSED_VARIABLE = YES;
				IPHONEOS_DEPLOYMENT_TARGET = 15.0;
				MACOSX_DEPLOYMENT_TARGET = 12.0;
				MARKETING_VERSION = 3.0.0;
				MTL_ENABLE_DEBUG_INFO = INCLUDE_SOURCE;
				MTL_FAST_MATH = YES;
				ONLY_ACTIVE_ARCH = YES;
				SDKROOT = macosx;
				SWIFT_ACTIVE_COMPILATION_CONDITIONS = DEBUG;
				SWIFT_OPTIMIZATION_LEVEL = "-Onone";
				SWIFT_TREAT_WARNINGS_AS_ERRORS = YES;
			};
			name = Debug;
		};
		B93BC6C12877613600767701 /* Release */ = {
			isa = XCBuildConfiguration;
			buildSettings = {
				ALWAYS_SEARCH_USER_PATHS = NO;
				CLANG_ANALYZER_NONNULL = YES;
				CLANG_ANALYZER_NUMBER_OBJECT_CONVERSION = YES_AGGRESSIVE;
				CLANG_CXX_LANGUAGE_STANDARD = "gnu++17";
				CLANG_ENABLE_MODULES = YES;
				CLANG_ENABLE_OBJC_ARC = YES;
				CLANG_ENABLE_OBJC_WEAK = YES;
				CLANG_WARN_BLOCK_CAPTURE_AUTORELEASING = YES;
				CLANG_WARN_BOOL_CONVERSION = YES;
				CLANG_WARN_COMMA = YES;
				CLANG_WARN_CONSTANT_CONVERSION = YES;
				CLANG_WARN_DEPRECATED_OBJC_IMPLEMENTATIONS = YES;
				CLANG_WARN_DIRECT_OBJC_ISA_USAGE = YES_ERROR;
				CLANG_WARN_DOCUMENTATION_COMMENTS = YES;
				CLANG_WARN_EMPTY_BODY = YES;
				CLANG_WARN_ENUM_CONVERSION = YES;
				CLANG_WARN_INFINITE_RECURSION = YES;
				CLANG_WARN_INT_CONVERSION = YES;
				CLANG_WARN_NON_LITERAL_NULL_CONVERSION = YES;
				CLANG_WARN_OBJC_IMPLICIT_RETAIN_SELF = YES;
				CLANG_WARN_OBJC_LITERAL_CONVERSION = YES;
				CLANG_WARN_OBJC_ROOT_CLASS = YES_ERROR;
				CLANG_WARN_QUOTED_INCLUDE_IN_FRAMEWORK_HEADER = YES;
				CLANG_WARN_RANGE_LOOP_ANALYSIS = YES;
				CLANG_WARN_STRICT_PROTOTYPES = YES;
				CLANG_WARN_SUSPICIOUS_MOVE = YES;
				CLANG_WARN_UNGUARDED_AVAILABILITY = YES_AGGRESSIVE;
				CLANG_WARN_UNREACHABLE_CODE = YES;
				CLANG_WARN__DUPLICATE_METHOD_MATCH = YES;
				COPY_PHASE_STRIP = NO;
				DEBUG_INFORMATION_FORMAT = "dwarf-with-dsym";
				ENABLE_NS_ASSERTIONS = NO;
				ENABLE_STRICT_OBJC_MSGSEND = YES;
				GCC_C_LANGUAGE_STANDARD = gnu11;
				GCC_NO_COMMON_BLOCKS = YES;
				GCC_TREAT_IMPLICIT_FUNCTION_DECLARATIONS_AS_ERRORS = YES;
				GCC_TREAT_INCOMPATIBLE_POINTER_TYPE_WARNINGS_AS_ERRORS = YES;
				GCC_TREAT_WARNINGS_AS_ERRORS = YES;
				GCC_WARN_64_TO_32_BIT_CONVERSION = YES;
				GCC_WARN_ABOUT_RETURN_TYPE = YES_ERROR;
				GCC_WARN_UNDECLARED_SELECTOR = YES;
				GCC_WARN_UNINITIALIZED_AUTOS = YES_AGGRESSIVE;
				GCC_WARN_UNUSED_FUNCTION = YES;
				GCC_WARN_UNUSED_VARIABLE = YES;
				IPHONEOS_DEPLOYMENT_TARGET = 15.0;
				MACOSX_DEPLOYMENT_TARGET = 12.0;
				MARKETING_VERSION = 3.0.0;
				MTL_ENABLE_DEBUG_INFO = NO;
				MTL_FAST_MATH = YES;
				SDKROOT = macosx;
				SWIFT_COMPILATION_MODE = wholemodule;
				SWIFT_OPTIMIZATION_LEVEL = "-O";
				SWIFT_TREAT_WARNINGS_AS_ERRORS = YES;
			};
			name = Release;
		};
		B94A530328795F9900C369F8 /* Debug */ = {
			isa = XCBuildConfiguration;
			buildSettings = {
				ASSETCATALOG_COMPILER_APPICON_NAME = AppIcon;
				ASSETCATALOG_COMPILER_GLOBAL_ACCENT_COLOR_NAME = AccentColor;
				ASSETCATALOG_COMPILER_INCLUDE_ALL_APPICON_ASSETS = YES;
				CODE_SIGN_STYLE = Automatic;
				CURRENT_PROJECT_VERSION = 0.2.0;
				DEVELOPMENT_TEAM = 26V9MK8TGP;
				ENABLE_PREVIEWS = YES;
				GENERATE_INFOPLIST_FILE = YES;
				INFOPLIST_FILE = "Rent-Split--iOS--Info.plist";
				INFOPLIST_KEY_LSSupportsOpeningDocumentsInPlace = YES;
				INFOPLIST_KEY_UIApplicationSceneManifest_Generation = YES;
				INFOPLIST_KEY_UIApplicationSupportsIndirectInputEvents = YES;
				INFOPLIST_KEY_UILaunchScreen_Generation = YES;
				INFOPLIST_KEY_UISupportedInterfaceOrientations_iPad = "UIInterfaceOrientationPortrait UIInterfaceOrientationPortraitUpsideDown UIInterfaceOrientationLandscapeLeft UIInterfaceOrientationLandscapeRight";
				INFOPLIST_KEY_UISupportedInterfaceOrientations_iPhone = "UIInterfaceOrientationPortrait UIInterfaceOrientationLandscapeLeft UIInterfaceOrientationLandscapeRight";
				IPHONEOS_DEPLOYMENT_TARGET = 17.0;
				LD_RUNPATH_SEARCH_PATHS = (
					"$(inherited)",
					"@executable_path/Frameworks",
				);
				PRODUCT_BUNDLE_IDENTIFIER = "me.kyleggiero.Rent-Split";
				PRODUCT_NAME = "Rent Split";
				SDKROOT = iphoneos;
				SWIFT_EMIT_LOC_STRINGS = YES;
				SWIFT_VERSION = 5.0;
				TARGETED_DEVICE_FAMILY = "1,2";
			};
			name = Debug;
		};
		B94A530428795F9900C369F8 /* Release */ = {
			isa = XCBuildConfiguration;
			buildSettings = {
				ASSETCATALOG_COMPILER_APPICON_NAME = AppIcon;
				ASSETCATALOG_COMPILER_GLOBAL_ACCENT_COLOR_NAME = AccentColor;
				ASSETCATALOG_COMPILER_INCLUDE_ALL_APPICON_ASSETS = YES;
				CODE_SIGN_STYLE = Automatic;
				CURRENT_PROJECT_VERSION = 0.2.0;
				DEVELOPMENT_TEAM = 26V9MK8TGP;
				ENABLE_PREVIEWS = YES;
				GENERATE_INFOPLIST_FILE = YES;
				INFOPLIST_FILE = "Rent-Split--iOS--Info.plist";
				INFOPLIST_KEY_LSSupportsOpeningDocumentsInPlace = YES;
				INFOPLIST_KEY_UIApplicationSceneManifest_Generation = YES;
				INFOPLIST_KEY_UIApplicationSupportsIndirectInputEvents = YES;
				INFOPLIST_KEY_UILaunchScreen_Generation = YES;
				INFOPLIST_KEY_UISupportedInterfaceOrientations_iPad = "UIInterfaceOrientationPortrait UIInterfaceOrientationPortraitUpsideDown UIInterfaceOrientationLandscapeLeft UIInterfaceOrientationLandscapeRight";
				INFOPLIST_KEY_UISupportedInterfaceOrientations_iPhone = "UIInterfaceOrientationPortrait UIInterfaceOrientationLandscapeLeft UIInterfaceOrientationLandscapeRight";
				IPHONEOS_DEPLOYMENT_TARGET = 17.0;
				LD_RUNPATH_SEARCH_PATHS = (
					"$(inherited)",
					"@executable_path/Frameworks",
				);
				PRODUCT_BUNDLE_IDENTIFIER = "me.kyleggiero.Rent-Split";
				PRODUCT_NAME = "Rent Split";
				SDKROOT = iphoneos;
				SWIFT_EMIT_LOC_STRINGS = YES;
				SWIFT_VERSION = 5.0;
				TARGETED_DEVICE_FAMILY = "1,2";
				VALIDATE_PRODUCT = YES;
			};
			name = Release;
		};
		B94A530628795F9900C369F8 /* Debug */ = {
			isa = XCBuildConfiguration;
			buildSettings = {
				ASSETCATALOG_COMPILER_APPICON_NAME = AppIcon;
				ASSETCATALOG_COMPILER_GLOBAL_ACCENT_COLOR_NAME = AccentColor;
				ASSETCATALOG_COMPILER_INCLUDE_ALL_APPICON_ASSETS = YES;
				CODE_SIGN_ENTITLEMENTS = macOS/macOS.entitlements;
				CODE_SIGN_STYLE = Automatic;
				COMBINE_HIDPI_IMAGES = YES;
				CURRENT_PROJECT_VERSION = 1;
				DEVELOPMENT_TEAM = 26V9MK8TGP;
				ENABLE_HARDENED_RUNTIME = YES;
				ENABLE_PREVIEWS = YES;
				GENERATE_INFOPLIST_FILE = YES;
				INFOPLIST_FILE = "Rent-Split--macOS--Info.plist";
				INFOPLIST_KEY_NSHumanReadableCopyright = "";
				LD_RUNPATH_SEARCH_PATHS = (
					"$(inherited)",
					"@executable_path/../Frameworks",
				);
				MACOSX_DEPLOYMENT_TARGET = 14.0;
				PRODUCT_BUNDLE_IDENTIFIER = "me.kyleggiero.Rent-Split";
				PRODUCT_NAME = "Rent Split";
				SDKROOT = macosx;
				SWIFT_EMIT_LOC_STRINGS = YES;
				SWIFT_VERSION = 5.0;
			};
			name = Debug;
		};
		B94A530728795F9900C369F8 /* Release */ = {
			isa = XCBuildConfiguration;
			buildSettings = {
				ASSETCATALOG_COMPILER_APPICON_NAME = AppIcon;
				ASSETCATALOG_COMPILER_GLOBAL_ACCENT_COLOR_NAME = AccentColor;
				ASSETCATALOG_COMPILER_INCLUDE_ALL_APPICON_ASSETS = YES;
				CODE_SIGN_ENTITLEMENTS = macOS/macOS.entitlements;
				CODE_SIGN_STYLE = Automatic;
				COMBINE_HIDPI_IMAGES = YES;
				CURRENT_PROJECT_VERSION = 1;
				DEVELOPMENT_TEAM = 26V9MK8TGP;
				ENABLE_HARDENED_RUNTIME = YES;
				ENABLE_PREVIEWS = YES;
				GENERATE_INFOPLIST_FILE = YES;
				INFOPLIST_FILE = "Rent-Split--macOS--Info.plist";
				INFOPLIST_KEY_NSHumanReadableCopyright = "";
				LD_RUNPATH_SEARCH_PATHS = (
					"$(inherited)",
					"@executable_path/../Frameworks",
				);
				MACOSX_DEPLOYMENT_TARGET = 14.0;
				PRODUCT_BUNDLE_IDENTIFIER = "me.kyleggiero.Rent-Split";
				PRODUCT_NAME = "Rent Split";
				SDKROOT = macosx;
				SWIFT_EMIT_LOC_STRINGS = YES;
				SWIFT_VERSION = 5.0;
			};
			name = Release;
		};
/* End XCBuildConfiguration section */

/* Begin XCConfigurationList section */
		B93BC6982877613100767701 /* Build configuration list for PBXProject "Rent Split" */ = {
			isa = XCConfigurationList;
			buildConfigurations = (
				B93BC6C02877613600767701 /* Debug */,
				B93BC6C12877613600767701 /* Release */,
			);
			defaultConfigurationIsVisible = 0;
			defaultConfigurationName = Release;
		};
		B94A530228795F9900C369F8 /* Build configuration list for PBXNativeTarget "Rent Split (iOS)" */ = {
			isa = XCConfigurationList;
			buildConfigurations = (
				B94A530328795F9900C369F8 /* Debug */,
				B94A530428795F9900C369F8 /* Release */,
			);
			defaultConfigurationIsVisible = 0;
			defaultConfigurationName = Release;
		};
		B94A530528795F9900C369F8 /* Build configuration list for PBXNativeTarget "Rent Split (macOS)" */ = {
			isa = XCConfigurationList;
			buildConfigurations = (
				B94A530628795F9900C369F8 /* Debug */,
				B94A530728795F9900C369F8 /* Release */,
			);
			defaultConfigurationIsVisible = 0;
			defaultConfigurationName = Release;
		};
/* End XCConfigurationList section */

/* Begin XCRemoteSwiftPackageReference section */
		B9014A7E2ADFAD4B00B8A445 /* XCRemoteSwiftPackageReference "AppUniqueIdentifier" */ = {
			isa = XCRemoteSwiftPackageReference;
			repositoryURL = "https://github.com/RougeWare/AppUniqueIdentifier.git";
			requirement = {
				kind = upToNextMajorVersion;
				minimumVersion = 1.1.0;
			};
		};
		B93A6A6C2B1F8D6900819FC6 /* XCRemoteSwiftPackageReference "Swift-Introspection" */ = {
			isa = XCRemoteSwiftPackageReference;
			repositoryURL = "https://github.com/RougeWare/Swift-Introspection.git";
			requirement = {
				kind = upToNextMajorVersion;
				minimumVersion = 1.2.0;
			};
		};
		B96470A52A3DC51F00F99FD9 /* XCRemoteSwiftPackageReference "Swift-Optional-Tools" */ = {
			isa = XCRemoteSwiftPackageReference;
			repositoryURL = "https://github.com/RougeWare/Swift-Optional-Tools.git";
			requirement = {
				kind = upToNextMajorVersion;
				minimumVersion = 1.1.3;
			};
		};
		B96DE654290ACA40009C68C8 /* XCRemoteSwiftPackageReference "Swift-Rectangle-Tools" */ = {
			isa = XCRemoteSwiftPackageReference;
			repositoryURL = "https://github.com/RougeWare/Swift-Rectangle-Tools.git";
			requirement = {
				kind = upToNextMajorVersion;
				minimumVersion = 2.12.2;
			};
		};
		B971A106287B650E005E90AC /* XCRemoteSwiftPackageReference "Swift-Function-Tools" */ = {
			isa = XCRemoteSwiftPackageReference;
			repositoryURL = "https://github.com/RougeWare/Swift-Function-Tools.git";
			requirement = {
				kind = versionRange;
				maximumVersion = 2.0.0;
				minimumVersion = 1.2.3;
			};
		};
		B98F85DD289CAA610094CC32 /* XCRemoteSwiftPackageReference "Swift-MultiplicativeArithmetic" */ = {
			isa = XCRemoteSwiftPackageReference;
			repositoryURL = "https://github.com/RougeWare/Swift-MultiplicativeArithmetic.git";
			requirement = {
				kind = upToNextMajorVersion;
				minimumVersion = 2.0.0;
			};
		};
		B99E37FC28E38CC400373A0F /* XCRemoteSwiftPackageReference "Swift-Simple-Logging" */ = {
			isa = XCRemoteSwiftPackageReference;
			repositoryURL = "https://github.com/RougeWare/Swift-Simple-Logging";
			requirement = {
				kind = upToNextMinorVersion;
				minimumVersion = 0.5.2;
			};
		};
		B9AC4F622AD37C650098FBEF /* XCRemoteSwiftPackageReference "Swift-Collection-Tools" */ = {
			isa = XCRemoteSwiftPackageReference;
			repositoryURL = "https://github.com/RougeWare/Swift-Collection-Tools.git";
			requirement = {
				kind = upToNextMajorVersion;
				minimumVersion = 3.2.0;
			};
		};
		B9E29A882AD3D17700B295EE /* XCRemoteSwiftPackageReference "Swift-SerializationTools" */ = {
			isa = XCRemoteSwiftPackageReference;
			repositoryURL = "https://github.com/RougeWare/Swift-SerializationTools.git";
			requirement = {
				kind = upToNextMajorVersion;
				minimumVersion = 1.1.1;
			};
		};
		B9EF6E382884E44D00F006E6 /* XCRemoteSwiftPackageReference "Swift-Basic-Math-Tools" */ = {
			isa = XCRemoteSwiftPackageReference;
			repositoryURL = "https://github.com/RougeWare/Swift-Basic-Math-Tools";
			requirement = {
				kind = upToNextMajorVersion;
				minimumVersion = 1.3.0;
			};
		};
/* End XCRemoteSwiftPackageReference section */

/* Begin XCSwiftPackageProductDependency section */
		B9014A7F2ADFAD4B00B8A445 /* AppUniqueIdentifier */ = {
			isa = XCSwiftPackageProductDependency;
			package = B9014A7E2ADFAD4B00B8A445 /* XCRemoteSwiftPackageReference "AppUniqueIdentifier" */;
			productName = AppUniqueIdentifier;
		};
		B93A6A6D2B1F8D6900819FC6 /* Introspection */ = {
			isa = XCSwiftPackageProductDependency;
			package = B93A6A6C2B1F8D6900819FC6 /* XCRemoteSwiftPackageReference "Swift-Introspection" */;
			productName = Introspection;
		};
		B93A6A6F2B1F8D7800819FC6 /* Introspection */ = {
			isa = XCSwiftPackageProductDependency;
			package = B93A6A6C2B1F8D6900819FC6 /* XCRemoteSwiftPackageReference "Swift-Introspection" */;
			productName = Introspection;
		};
		B94E4F7C2AAB965E005A4AA0 /* OptionalTools */ = {
			isa = XCSwiftPackageProductDependency;
			package = B96470A52A3DC51F00F99FD9 /* XCRemoteSwiftPackageReference "Swift-Optional-Tools" */;
			productName = OptionalTools;
		};
		B96470A62A3DC51F00F99FD9 /* OptionalTools */ = {
			isa = XCSwiftPackageProductDependency;
			package = B96470A52A3DC51F00F99FD9 /* XCRemoteSwiftPackageReference "Swift-Optional-Tools" */;
			productName = OptionalTools;
		};
		B96DE655290ACA40009C68C8 /* RectangleTools */ = {
			isa = XCSwiftPackageProductDependency;
			package = B96DE654290ACA40009C68C8 /* XCRemoteSwiftPackageReference "Swift-Rectangle-Tools" */;
			productName = RectangleTools;
		};
		B96DE657290ACA4F009C68C8 /* RectangleTools */ = {
			isa = XCSwiftPackageProductDependency;
			package = B96DE654290ACA40009C68C8 /* XCRemoteSwiftPackageReference "Swift-Rectangle-Tools" */;
			productName = RectangleTools;
		};
		B971A107287B650E005E90AC /* FunctionTools */ = {
			isa = XCSwiftPackageProductDependency;
			package = B971A106287B650E005E90AC /* XCRemoteSwiftPackageReference "Swift-Function-Tools" */;
			productName = FunctionTools;
		};
		B98F85DE289CAA610094CC32 /* MultiplicativeArithmetic */ = {
			isa = XCSwiftPackageProductDependency;
			package = B98F85DD289CAA610094CC32 /* XCRemoteSwiftPackageReference "Swift-MultiplicativeArithmetic" */;
			productName = MultiplicativeArithmetic;
		};
		B98F85E0289CAA720094CC32 /* MultiplicativeArithmetic */ = {
			isa = XCSwiftPackageProductDependency;
			package = B98F85DD289CAA610094CC32 /* XCRemoteSwiftPackageReference "Swift-MultiplicativeArithmetic" */;
			productName = MultiplicativeArithmetic;
		};
		B99C79D42879623F00FC5E0C /* RentSplitTools */ = {
			isa = XCSwiftPackageProductDependency;
			productName = RentSplitTools;
		};
		B99C79D62879624500FC5E0C /* RentSplitTools */ = {
			isa = XCSwiftPackageProductDependency;
			productName = RentSplitTools;
		};
		B99E37FD28E38CC400373A0F /* SimpleLogging */ = {
			isa = XCSwiftPackageProductDependency;
			package = B99E37FC28E38CC400373A0F /* XCRemoteSwiftPackageReference "Swift-Simple-Logging" */;
			productName = SimpleLogging;
		};
		B99E37FF28E38D5E00373A0F /* SimpleLogging */ = {
			isa = XCSwiftPackageProductDependency;
			package = B99E37FC28E38CC400373A0F /* XCRemoteSwiftPackageReference "Swift-Simple-Logging" */;
			productName = SimpleLogging;
		};
		B9AC4F632AD37CEB0098FBEF /* CollectionTools */ = {
			isa = XCSwiftPackageProductDependency;
			package = B9AC4F622AD37C650098FBEF /* XCRemoteSwiftPackageReference "Swift-Collection-Tools" */;
			productName = CollectionTools;
		};
		B9AC4F652AD37CF90098FBEF /* CollectionTools */ = {
			isa = XCSwiftPackageProductDependency;
			package = B9AC4F622AD37C650098FBEF /* XCRemoteSwiftPackageReference "Swift-Collection-Tools" */;
			productName = CollectionTools;
		};
		B9E29A892AD3D17700B295EE /* SerializationTools */ = {
			isa = XCSwiftPackageProductDependency;
			package = B9E29A882AD3D17700B295EE /* XCRemoteSwiftPackageReference "Swift-SerializationTools" */;
			productName = SerializationTools;
		};
		B9E29A8B2AD3D18100B295EE /* SerializationTools */ = {
			isa = XCSwiftPackageProductDependency;
			package = B9E29A882AD3D17700B295EE /* XCRemoteSwiftPackageReference "Swift-SerializationTools" */;
			productName = SerializationTools;
		};
		B9EF6E392884E44D00F006E6 /* BasicMathTools */ = {
			isa = XCSwiftPackageProductDependency;
			package = B9EF6E382884E44D00F006E6 /* XCRemoteSwiftPackageReference "Swift-Basic-Math-Tools" */;
			productName = BasicMathTools;
		};
		B9EF6E3B2884E48A00F006E6 /* BasicMathTools */ = {
			isa = XCSwiftPackageProductDependency;
			package = B9EF6E382884E44D00F006E6 /* XCRemoteSwiftPackageReference "Swift-Basic-Math-Tools" */;
			productName = BasicMathTools;
		};
		B9FE020C28822E3600712ED5 /* FunctionTools */ = {
			isa = XCSwiftPackageProductDependency;
			package = B971A106287B650E005E90AC /* XCRemoteSwiftPackageReference "Swift-Function-Tools" */;
			productName = FunctionTools;
		};
/* End XCSwiftPackageProductDependency section */
	};
	rootObject = B93BC6952877613100767701 /* Project object */;
}
