// !$*UTF8*$!
{
	archiveVersion = 1;
	classes = {
	};
	objectVersion = 55;
	objects = {

/* Begin PBXBuildFile section */
		B93BC6A12877613100767701 /* Rent_SplitApp.swift in Sources */ = {isa = PBXBuildFile; fileRef = B93BC6A02877613100767701 /* Rent_SplitApp.swift */; };
		B93BC6A32877613100767701 /* ContentView.swift in Sources */ = {isa = PBXBuildFile; fileRef = B93BC6A22877613100767701 /* ContentView.swift */; };
		B93BC6A52877613600767701 /* Assets.xcassets in Resources */ = {isa = PBXBuildFile; fileRef = B93BC6A42877613600767701 /* Assets.xcassets */; };
		B93BC6A82877613600767701 /* Preview Assets.xcassets in Resources */ = {isa = PBXBuildFile; fileRef = B93BC6A72877613600767701 /* Preview Assets.xcassets */; };
		B93BC6B32877613600767701 /* Rent_SplitTests.swift in Sources */ = {isa = PBXBuildFile; fileRef = B93BC6B22877613600767701 /* Rent_SplitTests.swift */; };
		B93BC6BD2877613600767701 /* Rent_SplitUITests.swift in Sources */ = {isa = PBXBuildFile; fileRef = B93BC6BC2877613600767701 /* Rent_SplitUITests.swift */; };
		B93BC6BF2877613600767701 /* Rent_SplitUITestsLaunchTests.swift in Sources */ = {isa = PBXBuildFile; fileRef = B93BC6BE2877613600767701 /* Rent_SplitUITestsLaunchTests.swift */; };
/* End PBXBuildFile section */

/* Begin PBXContainerItemProxy section */
		B93BC6AF2877613600767701 /* PBXContainerItemProxy */ = {
			isa = PBXContainerItemProxy;
			containerPortal = B93BC6952877613100767701 /* Project object */;
			proxyType = 1;
			remoteGlobalIDString = B93BC69C2877613100767701;
			remoteInfo = "Rent Split";
		};
		B93BC6B92877613600767701 /* PBXContainerItemProxy */ = {
			isa = PBXContainerItemProxy;
			containerPortal = B93BC6952877613100767701 /* Project object */;
			proxyType = 1;
			remoteGlobalIDString = B93BC69C2877613100767701;
			remoteInfo = "Rent Split";
		};
/* End PBXContainerItemProxy section */

/* Begin PBXFileReference section */
		B93BC69D2877613100767701 /* Rent Split.app */ = {isa = PBXFileReference; explicitFileType = wrapper.application; includeInIndex = 0; path = "Rent Split.app"; sourceTree = BUILT_PRODUCTS_DIR; };
		B93BC6A02877613100767701 /* Rent_SplitApp.swift */ = {isa = PBXFileReference; lastKnownFileType = sourcecode.swift; path = Rent_SplitApp.swift; sourceTree = "<group>"; };
		B93BC6A22877613100767701 /* ContentView.swift */ = {isa = PBXFileReference; lastKnownFileType = sourcecode.swift; path = ContentView.swift; sourceTree = "<group>"; };
		B93BC6A42877613600767701 /* Assets.xcassets */ = {isa = PBXFileReference; lastKnownFileType = folder.assetcatalog; path = Assets.xcassets; sourceTree = "<group>"; };
		B93BC6A72877613600767701 /* Preview Assets.xcassets */ = {isa = PBXFileReference; lastKnownFileType = folder.assetcatalog; path = "Preview Assets.xcassets"; sourceTree = "<group>"; };
		B93BC6A92877613600767701 /* Rent_Split.entitlements */ = {isa = PBXFileReference; lastKnownFileType = text.plist.entitlements; path = Rent_Split.entitlements; sourceTree = "<group>"; };
		B93BC6AE2877613600767701 /* Rent SplitTests.xctest */ = {isa = PBXFileReference; explicitFileType = wrapper.cfbundle; includeInIndex = 0; path = "Rent SplitTests.xctest"; sourceTree = BUILT_PRODUCTS_DIR; };
		B93BC6B22877613600767701 /* Rent_SplitTests.swift */ = {isa = PBXFileReference; lastKnownFileType = sourcecode.swift; path = Rent_SplitTests.swift; sourceTree = "<group>"; };
		B93BC6B82877613600767701 /* Rent SplitUITests.xctest */ = {isa = PBXFileReference; explicitFileType = wrapper.cfbundle; includeInIndex = 0; path = "Rent SplitUITests.xctest"; sourceTree = BUILT_PRODUCTS_DIR; };
		B93BC6BC2877613600767701 /* Rent_SplitUITests.swift */ = {isa = PBXFileReference; lastKnownFileType = sourcecode.swift; path = Rent_SplitUITests.swift; sourceTree = "<group>"; };
		B93BC6BE2877613600767701 /* Rent_SplitUITestsLaunchTests.swift */ = {isa = PBXFileReference; lastKnownFileType = sourcecode.swift; path = Rent_SplitUITestsLaunchTests.swift; sourceTree = "<group>"; };
/* End PBXFileReference section */

/* Begin PBXFrameworksBuildPhase section */
		B93BC69A2877613100767701 /* Frameworks */ = {
			isa = PBXFrameworksBuildPhase;
			buildActionMask = 2147483647;
			files = (
			);
			runOnlyForDeploymentPostprocessing = 0;
		};
		B93BC6AB2877613600767701 /* Frameworks */ = {
			isa = PBXFrameworksBuildPhase;
			buildActionMask = 2147483647;
			files = (
			);
			runOnlyForDeploymentPostprocessing = 0;
		};
		B93BC6B52877613600767701 /* Frameworks */ = {
			isa = PBXFrameworksBuildPhase;
			buildActionMask = 2147483647;
			files = (
			);
			runOnlyForDeploymentPostprocessing = 0;
		};
/* End PBXFrameworksBuildPhase section */

/* Begin PBXGroup section */
		B93BC6942877613100767701 = {
			isa = PBXGroup;
			children = (
				B93BC69F2877613100767701 /* Rent Split */,
				B93BC6B12877613600767701 /* Rent SplitTests */,
				B93BC6BB2877613600767701 /* Rent SplitUITests */,
				B93BC69E2877613100767701 /* Products */,
			);
			sourceTree = "<group>";
		};
		B93BC69E2877613100767701 /* Products */ = {
			isa = PBXGroup;
			children = (
				B93BC69D2877613100767701 /* Rent Split.app */,
				B93BC6AE2877613600767701 /* Rent SplitTests.xctest */,
				B93BC6B82877613600767701 /* Rent SplitUITests.xctest */,
			);
			name = Products;
			sourceTree = "<group>";
		};
		B93BC69F2877613100767701 /* Rent Split */ = {
			isa = PBXGroup;
			children = (
				B93BC6A02877613100767701 /* Rent_SplitApp.swift */,
				B93BC6A22877613100767701 /* ContentView.swift */,
				B93BC6A42877613600767701 /* Assets.xcassets */,
				B93BC6A92877613600767701 /* Rent_Split.entitlements */,
				B93BC6A62877613600767701 /* Preview Content */,
			);
			path = "Rent Split";
			sourceTree = "<group>";
		};
		B93BC6A62877613600767701 /* Preview Content */ = {
			isa = PBXGroup;
			children = (
				B93BC6A72877613600767701 /* Preview Assets.xcassets */,
			);
			path = "Preview Content";
			sourceTree = "<group>";
		};
		B93BC6B12877613600767701 /* Rent SplitTests */ = {
			isa = PBXGroup;
			children = (
				B93BC6B22877613600767701 /* Rent_SplitTests.swift */,
			);
			path = "Rent SplitTests";
			sourceTree = "<group>";
		};
		B93BC6BB2877613600767701 /* Rent SplitUITests */ = {
			isa = PBXGroup;
			children = (
				B93BC6BC2877613600767701 /* Rent_SplitUITests.swift */,
				B93BC6BE2877613600767701 /* Rent_SplitUITestsLaunchTests.swift */,
			);
			path = "Rent SplitUITests";
			sourceTree = "<group>";
		};
/* End PBXGroup section */

/* Begin PBXNativeTarget section */
		B93BC69C2877613100767701 /* Rent Split */ = {
			isa = PBXNativeTarget;
			buildConfigurationList = B93BC6C22877613600767701 /* Build configuration list for PBXNativeTarget "Rent Split" */;
			buildPhases = (
				B93BC6992877613100767701 /* Sources */,
				B93BC69A2877613100767701 /* Frameworks */,
				B93BC69B2877613100767701 /* Resources */,
			);
			buildRules = (
			);
			dependencies = (
			);
			name = "Rent Split";
			productName = "Rent Split";
			productReference = B93BC69D2877613100767701 /* Rent Split.app */;
			productType = "com.apple.product-type.application";
		};
		B93BC6AD2877613600767701 /* Rent SplitTests */ = {
			isa = PBXNativeTarget;
			buildConfigurationList = B93BC6C52877613600767701 /* Build configuration list for PBXNativeTarget "Rent SplitTests" */;
			buildPhases = (
				B93BC6AA2877613600767701 /* Sources */,
				B93BC6AB2877613600767701 /* Frameworks */,
				B93BC6AC2877613600767701 /* Resources */,
			);
			buildRules = (
			);
			dependencies = (
				B93BC6B02877613600767701 /* PBXTargetDependency */,
			);
			name = "Rent SplitTests";
			productName = "Rent SplitTests";
			productReference = B93BC6AE2877613600767701 /* Rent SplitTests.xctest */;
			productType = "com.apple.product-type.bundle.unit-test";
		};
		B93BC6B72877613600767701 /* Rent SplitUITests */ = {
			isa = PBXNativeTarget;
			buildConfigurationList = B93BC6C82877613600767701 /* Build configuration list for PBXNativeTarget "Rent SplitUITests" */;
			buildPhases = (
				B93BC6B42877613600767701 /* Sources */,
				B93BC6B52877613600767701 /* Frameworks */,
				B93BC6B62877613600767701 /* Resources */,
			);
			buildRules = (
			);
			dependencies = (
				B93BC6BA2877613600767701 /* PBXTargetDependency */,
			);
			name = "Rent SplitUITests";
			productName = "Rent SplitUITests";
			productReference = B93BC6B82877613600767701 /* Rent SplitUITests.xctest */;
			productType = "com.apple.product-type.bundle.ui-testing";
		};
/* End PBXNativeTarget section */

/* Begin PBXProject section */
		B93BC6952877613100767701 /* Project object */ = {
			isa = PBXProject;
			attributes = {
				BuildIndependentTargetsInParallel = 1;
				LastSwiftUpdateCheck = 1340;
				LastUpgradeCheck = 1340;
				TargetAttributes = {
					B93BC69C2877613100767701 = {
						CreatedOnToolsVersion = 13.4.1;
					};
					B93BC6AD2877613600767701 = {
						CreatedOnToolsVersion = 13.4.1;
						TestTargetID = B93BC69C2877613100767701;
					};
					B93BC6B72877613600767701 = {
						CreatedOnToolsVersion = 13.4.1;
						TestTargetID = B93BC69C2877613100767701;
					};
				};
			};
			buildConfigurationList = B93BC6982877613100767701 /* Build configuration list for PBXProject "Rent Split" */;
			compatibilityVersion = "Xcode 13.0";
			developmentRegion = en;
			hasScannedForEncodings = 0;
			knownRegions = (
				en,
				Base,
			);
			mainGroup = B93BC6942877613100767701;
			productRefGroup = B93BC69E2877613100767701 /* Products */;
			projectDirPath = "";
			projectRoot = "";
			targets = (
				B93BC69C2877613100767701 /* Rent Split */,
				B93BC6AD2877613600767701 /* Rent SplitTests */,
				B93BC6B72877613600767701 /* Rent SplitUITests */,
			);
		};
/* End PBXProject section */

/* Begin PBXResourcesBuildPhase section */
		B93BC69B2877613100767701 /* Resources */ = {
			isa = PBXResourcesBuildPhase;
			buildActionMask = 2147483647;
			files = (
				B93BC6A82877613600767701 /* Preview Assets.xcassets in Resources */,
				B93BC6A52877613600767701 /* Assets.xcassets in Resources */,
			);
			runOnlyForDeploymentPostprocessing = 0;
		};
		B93BC6AC2877613600767701 /* Resources */ = {
			isa = PBXResourcesBuildPhase;
			buildActionMask = 2147483647;
			files = (
			);
			runOnlyForDeploymentPostprocessing = 0;
		};
		B93BC6B62877613600767701 /* Resources */ = {
			isa = PBXResourcesBuildPhase;
			buildActionMask = 2147483647;
			files = (
			);
			runOnlyForDeploymentPostprocessing = 0;
		};
/* End PBXResourcesBuildPhase section */

/* Begin PBXSourcesBuildPhase section */
		B93BC6992877613100767701 /* Sources */ = {
			isa = PBXSourcesBuildPhase;
			buildActionMask = 2147483647;
			files = (
				B93BC6A32877613100767701 /* ContentView.swift in Sources */,
				B93BC6A12877613100767701 /* Rent_SplitApp.swift in Sources */,
			);
			runOnlyForDeploymentPostprocessing = 0;
		};
		B93BC6AA2877613600767701 /* Sources */ = {
			isa = PBXSourcesBuildPhase;
			buildActionMask = 2147483647;
			files = (
				B93BC6B32877613600767701 /* Rent_SplitTests.swift in Sources */,
			);
			runOnlyForDeploymentPostprocessing = 0;
		};
		B93BC6B42877613600767701 /* Sources */ = {
			isa = PBXSourcesBuildPhase;
			buildActionMask = 2147483647;
			files = (
				B93BC6BF2877613600767701 /* Rent_SplitUITestsLaunchTests.swift in Sources */,
				B93BC6BD2877613600767701 /* Rent_SplitUITests.swift in Sources */,
			);
			runOnlyForDeploymentPostprocessing = 0;
		};
/* End PBXSourcesBuildPhase section */

/* Begin PBXTargetDependency section */
		B93BC6B02877613600767701 /* PBXTargetDependency */ = {
			isa = PBXTargetDependency;
			target = B93BC69C2877613100767701 /* Rent Split */;
			targetProxy = B93BC6AF2877613600767701 /* PBXContainerItemProxy */;
		};
		B93BC6BA2877613600767701 /* PBXTargetDependency */ = {
			isa = PBXTargetDependency;
			target = B93BC69C2877613100767701 /* Rent Split */;
			targetProxy = B93BC6B92877613600767701 /* PBXContainerItemProxy */;
		};
/* End PBXTargetDependency section */

/* Begin XCBuildConfiguration section */
		B93BC6C02877613600767701 /* Debug */ = {
			isa = XCBuildConfiguration;
			buildSettings = {
				ALWAYS_SEARCH_USER_PATHS = NO;
				CLANG_ANALYZER_NONNULL = YES;
				CLANG_ANALYZER_NUMBER_OBJECT_CONVERSION = YES_AGGRESSIVE;
				CLANG_CXX_LANGUAGE_STANDARD = "gnu++17";
				CLANG_ENABLE_MODULES = YES;
				CLANG_ENABLE_OBJC_ARC = YES;
				CLANG_ENABLE_OBJC_WEAK = YES;
				CLANG_WARN_BLOCK_CAPTURE_AUTORELEASING = YES;
				CLANG_WARN_BOOL_CONVERSION = YES;
				CLANG_WARN_COMMA = YES;
				CLANG_WARN_CONSTANT_CONVERSION = YES;
				CLANG_WARN_DEPRECATED_OBJC_IMPLEMENTATIONS = YES;
				CLANG_WARN_DIRECT_OBJC_ISA_USAGE = YES_ERROR;
				CLANG_WARN_DOCUMENTATION_COMMENTS = YES;
				CLANG_WARN_EMPTY_BODY = YES;
				CLANG_WARN_ENUM_CONVERSION = YES;
				CLANG_WARN_INFINITE_RECURSION = YES;
				CLANG_WARN_INT_CONVERSION = YES;
				CLANG_WARN_NON_LITERAL_NULL_CONVERSION = YES;
				CLANG_WARN_OBJC_IMPLICIT_RETAIN_SELF = YES;
				CLANG_WARN_OBJC_LITERAL_CONVERSION = YES;
				CLANG_WARN_OBJC_ROOT_CLASS = YES_ERROR;
				CLANG_WARN_QUOTED_INCLUDE_IN_FRAMEWORK_HEADER = YES;
				CLANG_WARN_RANGE_LOOP_ANALYSIS = YES;
				CLANG_WARN_STRICT_PROTOTYPES = YES;
				CLANG_WARN_SUSPICIOUS_MOVE = YES;
				CLANG_WARN_UNGUARDED_AVAILABILITY = YES_AGGRESSIVE;
				CLANG_WARN_UNREACHABLE_CODE = YES;
				CLANG_WARN__DUPLICATE_METHOD_MATCH = YES;
				COPY_PHASE_STRIP = NO;
				DEBUG_INFORMATION_FORMAT = dwarf;
				ENABLE_STRICT_OBJC_MSGSEND = YES;
				ENABLE_TESTABILITY = YES;
				GCC_C_LANGUAGE_STANDARD = gnu11;
				GCC_DYNAMIC_NO_PIC = NO;
				GCC_NO_COMMON_BLOCKS = YES;
				GCC_OPTIMIZATION_LEVEL = 0;
				GCC_PREPROCESSOR_DEFINITIONS = (
					"DEBUG=1",
					"$(inherited)",
				);
				GCC_WARN_64_TO_32_BIT_CONVERSION = YES;
				GCC_WARN_ABOUT_RETURN_TYPE = YES_ERROR;
				GCC_WARN_UNDECLARED_SELECTOR = YES;
				GCC_WARN_UNINITIALIZED_AUTOS = YES_AGGRESSIVE;
				GCC_WARN_UNUSED_FUNCTION = YES;
				GCC_WARN_UNUSED_VARIABLE = YES;
				MACOSX_DEPLOYMENT_TARGET = 12.3;
				MTL_ENABLE_DEBUG_INFO = INCLUDE_SOURCE;
				MTL_FAST_MATH = YES;
				ONLY_ACTIVE_ARCH = YES;
				SDKROOT = macosx;
				SWIFT_ACTIVE_COMPILATION_CONDITIONS = DEBUG;
				SWIFT_OPTIMIZATION_LEVEL = "-Onone";
			};
			name = Debug;
		};
		B93BC6C12877613600767701 /* Release */ = {
			isa = XCBuildConfiguration;
			buildSettings = {
				ALWAYS_SEARCH_USER_PATHS = NO;
				CLANG_ANALYZER_NONNULL = YES;
				CLANG_ANALYZER_NUMBER_OBJECT_CONVERSION = YES_AGGRESSIVE;
				CLANG_CXX_LANGUAGE_STANDARD = "gnu++17";
				CLANG_ENABLE_MODULES = YES;
				CLANG_ENABLE_OBJC_ARC = YES;
				CLANG_ENABLE_OBJC_WEAK = YES;
				CLANG_WARN_BLOCK_CAPTURE_AUTORELEASING = YES;
				CLANG_WARN_BOOL_CONVERSION = YES;
				CLANG_WARN_COMMA = YES;
				CLANG_WARN_CONSTANT_CONVERSION = YES;
				CLANG_WARN_DEPRECATED_OBJC_IMPLEMENTATIONS = YES;
				CLANG_WARN_DIRECT_OBJC_ISA_USAGE = YES_ERROR;
				CLANG_WARN_DOCUMENTATION_COMMENTS = YES;
				CLANG_WARN_EMPTY_BODY = YES;
				CLANG_WARN_ENUM_CONVERSION = YES;
				CLANG_WARN_INFINITE_RECURSION = YES;
				CLANG_WARN_INT_CONVERSION = YES;
				CLANG_WARN_NON_LITERAL_NULL_CONVERSION = YES;
				CLANG_WARN_OBJC_IMPLICIT_RETAIN_SELF = YES;
				CLANG_WARN_OBJC_LITERAL_CONVERSION = YES;
				CLANG_WARN_OBJC_ROOT_CLASS = YES_ERROR;
				CLANG_WARN_QUOTED_INCLUDE_IN_FRAMEWORK_HEADER = YES;
				CLANG_WARN_RANGE_LOOP_ANALYSIS = YES;
				CLANG_WARN_STRICT_PROTOTYPES = YES;
				CLANG_WARN_SUSPICIOUS_MOVE = YES;
				CLANG_WARN_UNGUARDED_AVAILABILITY = YES_AGGRESSIVE;
				CLANG_WARN_UNREACHABLE_CODE = YES;
				CLANG_WARN__DUPLICATE_METHOD_MATCH = YES;
				COPY_PHASE_STRIP = NO;
				DEBUG_INFORMATION_FORMAT = "dwarf-with-dsym";
				ENABLE_NS_ASSERTIONS = NO;
				ENABLE_STRICT_OBJC_MSGSEND = YES;
				GCC_C_LANGUAGE_STANDARD = gnu11;
				GCC_NO_COMMON_BLOCKS = YES;
				GCC_WARN_64_TO_32_BIT_CONVERSION = YES;
				GCC_WARN_ABOUT_RETURN_TYPE = YES_ERROR;
				GCC_WARN_UNDECLARED_SELECTOR = YES;
				GCC_WARN_UNINITIALIZED_AUTOS = YES_AGGRESSIVE;
				GCC_WARN_UNUSED_FUNCTION = YES;
				GCC_WARN_UNUSED_VARIABLE = YES;
				MACOSX_DEPLOYMENT_TARGET = 12.3;
				MTL_ENABLE_DEBUG_INFO = NO;
				MTL_FAST_MATH = YES;
				SDKROOT = macosx;
				SWIFT_COMPILATION_MODE = wholemodule;
				SWIFT_OPTIMIZATION_LEVEL = "-O";
			};
			name = Release;
		};
		B93BC6C32877613600767701 /* Debug */ = {
			isa = XCBuildConfiguration;
			buildSettings = {
				ASSETCATALOG_COMPILER_APPICON_NAME = AppIcon;
				ASSETCATALOG_COMPILER_GLOBAL_ACCENT_COLOR_NAME = AccentColor;
				CODE_SIGN_ENTITLEMENTS = "Rent Split/Rent_Split.entitlements";
				CODE_SIGN_STYLE = Automatic;
				COMBINE_HIDPI_IMAGES = YES;
				CURRENT_PROJECT_VERSION = 1;
				DEVELOPMENT_ASSET_PATHS = "\"Rent Split/Preview Content\"";
				DEVELOPMENT_TEAM = 26V9MK8TGP;
				ENABLE_HARDENED_RUNTIME = YES;
				ENABLE_PREVIEWS = YES;
				GENERATE_INFOPLIST_FILE = YES;
				INFOPLIST_KEY_NSHumanReadableCopyright = "";
				LD_RUNPATH_SEARCH_PATHS = (
					"$(inherited)",
					"@executable_path/../Frameworks",
				);
				MARKETING_VERSION = 3.0.0;
				PRODUCT_BUNDLE_IDENTIFIER = "me.kyleggiero.Rent-Split";
				PRODUCT_NAME = "$(TARGET_NAME)";
				SWIFT_EMIT_LOC_STRINGS = YES;
				SWIFT_VERSION = 5.0;
			};
			name = Debug;
		};
		B93BC6C42877613600767701 /* Release */ = {
			isa = XCBuildConfiguration;
			buildSettings = {
				ASSETCATALOG_COMPILER_APPICON_NAME = AppIcon;
				ASSETCATALOG_COMPILER_GLOBAL_ACCENT_COLOR_NAME = AccentColor;
				CODE_SIGN_ENTITLEMENTS = "Rent Split/Rent_Split.entitlements";
				CODE_SIGN_STYLE = Automatic;
				COMBINE_HIDPI_IMAGES = YES;
				CURRENT_PROJECT_VERSION = 1;
				DEVELOPMENT_ASSET_PATHS = "\"Rent Split/Preview Content\"";
				DEVELOPMENT_TEAM = 26V9MK8TGP;
				ENABLE_HARDENED_RUNTIME = YES;
				ENABLE_PREVIEWS = YES;
				GENERATE_INFOPLIST_FILE = YES;
				INFOPLIST_KEY_NSHumanReadableCopyright = "";
				LD_RUNPATH_SEARCH_PATHS = (
					"$(inherited)",
					"@executable_path/../Frameworks",
				);
				MARKETING_VERSION = 3.0.0;
				PRODUCT_BUNDLE_IDENTIFIER = "me.kyleggiero.Rent-Split";
				PRODUCT_NAME = "$(TARGET_NAME)";
				SWIFT_EMIT_LOC_STRINGS = YES;
				SWIFT_VERSION = 5.0;
			};
			name = Release;
		};
		B93BC6C62877613600767701 /* Debug */ = {
			isa = XCBuildConfiguration;
			buildSettings = {
				ALWAYS_EMBED_SWIFT_STANDARD_LIBRARIES = YES;
				BUNDLE_LOADER = "$(TEST_HOST)";
				CODE_SIGN_STYLE = Automatic;
				CURRENT_PROJECT_VERSION = 1;
				DEVELOPMENT_TEAM = 26V9MK8TGP;
				GENERATE_INFOPLIST_FILE = YES;
				MACOSX_DEPLOYMENT_TARGET = 12.3;
				MARKETING_VERSION = 1.0;
				PRODUCT_BUNDLE_IDENTIFIER = "me.kyleggiero.Rent-SplitTests";
				PRODUCT_NAME = "$(TARGET_NAME)";
				SWIFT_EMIT_LOC_STRINGS = NO;
				SWIFT_VERSION = 5.0;
				TEST_HOST = "$(BUILT_PRODUCTS_DIR)/Rent Split.app/Contents/MacOS/Rent Split";
			};
			name = Debug;
		};
		B93BC6C72877613600767701 /* Release */ = {
			isa = XCBuildConfiguration;
			buildSettings = {
				ALWAYS_EMBED_SWIFT_STANDARD_LIBRARIES = YES;
				BUNDLE_LOADER = "$(TEST_HOST)";
				CODE_SIGN_STYLE = Automatic;
				CURRENT_PROJECT_VERSION = 1;
				DEVELOPMENT_TEAM = 26V9MK8TGP;
				GENERATE_INFOPLIST_FILE = YES;
				MACOSX_DEPLOYMENT_TARGET = 12.3;
				MARKETING_VERSION = 1.0;
				PRODUCT_BUNDLE_IDENTIFIER = "me.kyleggiero.Rent-SplitTests";
				PRODUCT_NAME = "$(TARGET_NAME)";
				SWIFT_EMIT_LOC_STRINGS = NO;
				SWIFT_VERSION = 5.0;
				TEST_HOST = "$(BUILT_PRODUCTS_DIR)/Rent Split.app/Contents/MacOS/Rent Split";
			};
			name = Release;
		};
		B93BC6C92877613600767701 /* Debug */ = {
			isa = XCBuildConfiguration;
			buildSettings = {
				ALWAYS_EMBED_SWIFT_STANDARD_LIBRARIES = YES;
				CODE_SIGN_STYLE = Automatic;
				CURRENT_PROJECT_VERSION = 1;
				DEVELOPMENT_TEAM = 26V9MK8TGP;
				GENERATE_INFOPLIST_FILE = YES;
				MARKETING_VERSION = 1.0;
				PRODUCT_BUNDLE_IDENTIFIER = "me.kyleggiero.Rent-SplitUITests";
				PRODUCT_NAME = "$(TARGET_NAME)";
				SWIFT_EMIT_LOC_STRINGS = NO;
				SWIFT_VERSION = 5.0;
				TEST_TARGET_NAME = "Rent Split";
			};
			name = Debug;
		};
		B93BC6CA2877613600767701 /* Release */ = {
			isa = XCBuildConfiguration;
			buildSettings = {
				ALWAYS_EMBED_SWIFT_STANDARD_LIBRARIES = YES;
				CODE_SIGN_STYLE = Automatic;
				CURRENT_PROJECT_VERSION = 1;
				DEVELOPMENT_TEAM = 26V9MK8TGP;
				GENERATE_INFOPLIST_FILE = YES;
				MARKETING_VERSION = 1.0;
				PRODUCT_BUNDLE_IDENTIFIER = "me.kyleggiero.Rent-SplitUITests";
				PRODUCT_NAME = "$(TARGET_NAME)";
				SWIFT_EMIT_LOC_STRINGS = NO;
				SWIFT_VERSION = 5.0;
				TEST_TARGET_NAME = "Rent Split";
			};
			name = Release;
		};
/* End XCBuildConfiguration section */

/* Begin XCConfigurationList section */
		B93BC6982877613100767701 /* Build configuration list for PBXProject "Rent Split" */ = {
			isa = XCConfigurationList;
			buildConfigurations = (
				B93BC6C02877613600767701 /* Debug */,
				B93BC6C12877613600767701 /* Release */,
			);
			defaultConfigurationIsVisible = 0;
			defaultConfigurationName = Release;
		};
		B93BC6C22877613600767701 /* Build configuration list for PBXNativeTarget "Rent Split" */ = {
			isa = XCConfigurationList;
			buildConfigurations = (
				B93BC6C32877613600767701 /* Debug */,
				B93BC6C42877613600767701 /* Release */,
			);
			defaultConfigurationIsVisible = 0;
			defaultConfigurationName = Release;
		};
		B93BC6C52877613600767701 /* Build configuration list for PBXNativeTarget "Rent SplitTests" */ = {
			isa = XCConfigurationList;
			buildConfigurations = (
				B93BC6C62877613600767701 /* Debug */,
				B93BC6C72877613600767701 /* Release */,
			);
			defaultConfigurationIsVisible = 0;
			defaultConfigurationName = Release;
		};
		B93BC6C82877613600767701 /* Build configuration list for PBXNativeTarget "Rent SplitUITests" */ = {
			isa = XCConfigurationList;
			buildConfigurations = (
				B93BC6C92877613600767701 /* Debug */,
				B93BC6CA2877613600767701 /* Release */,
			);
			defaultConfigurationIsVisible = 0;
			defaultConfigurationName = Release;
		};
/* End XCConfigurationList section */
	};
	rootObject = B93BC6952877613100767701 /* Project object */;
}
